
Microsoft Visual Studio Solution File, Format Version 12.00
# Visual Studio 15
VisualStudioVersion = 15.0.28307.421
MinimumVisualStudioVersion = 10.0.40219.1
Project("{FAE04EC0-301F-11D3-BF4B-00C04F79EFBC}") = "FlightGearWebApp", "FlightGearWebApp\FlightGearWebApp.csproj", "{3E83CBCA-B47D-4043-A293-8B2FF43B3C1A}"
EndProject
Global
	GlobalSection(SolutionConfigurationPlatforms) = preSolution
		Debug|Any CPU = Debug|Any CPU
		Release|Any CPU = Release|Any CPU
	EndGlobalSection
	GlobalSection(ProjectConfigurationPlatforms) = postSolution
		{3E83CBCA-B47D-4043-A293-8B2FF43B3C1A}.Debug|Any CPU.ActiveCfg = Debug|Any CPU
		{3E83CBCA-B47D-4043-A293-8B2FF43B3C1A}.Debug|Any CPU.Build.0 = Debug|Any CPU
		{3E83CBCA-B47D-4043-A293-8B2FF43B3C1A}.Release|Any CPU.ActiveCfg = Release|Any CPU
		{3E83CBCA-B47D-4043-A293-8B2FF43B3C1A}.Release|Any CPU.Build.0 = Release|Any CPU
	EndGlobalSection
	GlobalSection(SolutionProperties) = preSolution
		HideSolutionNode = FALSE
	EndGlobalSection
	GlobalSection(ExtensibilityGlobals) = postSolution
		SolutionGuid = {BD56E06B-6C56-4B2B-8041-F7D07098B5F4}
	EndGlobalSection
EndGlobal
